{
  "name": "cc-hooks",
  "version": "0.13.0",
  "lockfileVersion": 3,
  "requires": true,
  "packages": {
    "": {
      "name": "cc-hooks",
      "version": "0.13.0",
      "license": "MIT",
      "dependencies": {
        "ccusage": "^16.2.4"
      },
      "devDependencies": {
        "prettier": "^3.6.2"
      },
      "engines": {
        "node": ">=20.19.4",
        "python": ">=3.12"
      }
    },
    "node_modules/ccusage": {
      "version": "16.2.4",
      "resolved": "https://registry.npmjs.org/ccusage/-/ccusage-16.2.4.tgz",
      "integrity": "sha512-B/sLmE4Aqz6Z27D6Oouq58Hk7MdiSLMooAb3IqpwSMrloX3NLCJ4Uf4wP/s7hjIRP07+iAyxgJ+3tw9w3a98Aw==",
      "license": "MIT",
      "bin": {
        "ccusage": "dist/index.js"
      },
      "engines": {
        "node": ">=20.19.4"
      },
      "funding": {
        "url": "https://github.com/ryoppippi/ccusage?sponsor=1"
      }
    },
    "node_modules/prettier": {
      "version": "3.6.2",
      "resolved": "https://registry.npmjs.org/prettier/-/prettier-3.6.2.tgz",
      "integrity": "sha512-I7AIg5boAr5R0FFtJ6rCfD+LFsWHp81dolrFD8S79U9tb8Az2nGrJncnMSnys+bpQJfRUzqs9hnA81OAA3hCuQ==",
      "dev": true,
      "license": "MIT",
      "bin": {
        "prettier": "bin/prettier.cjs"
      },
      "engines": {
        "node": ">=14"
      },
      "funding": {
        "url": "https://github.com/prettier/prettier?sponsor=1"
      }
    }
  }
}
