{
  "name": "cc-hooks",
  "version": "1.0.5",
  "lockfileVersion": 3,
  "requires": true,
  "packages": {
    "": {
      "name": "cc-hooks",
      "version": "1.0.5",
      "license": "MIT",
      "dependencies": {
        "ccusage": "^16.2.5"
      },
      "devDependencies": {
        "prettier": "^3.7.4"
      },
      "engines": {
        "node": ">=20.19.4",
        "python": ">=3.12"
      }
    },
    "node_modules/ccusage": {
      "version": "16.2.5",
      "resolved": "https://registry.npmjs.org/ccusage/-/ccusage-16.2.5.tgz",
      "integrity": "sha512-RcxrPj9CuAn/+1Z2Fh/oc/r0N9/jujFDBcWwdwMF9ehhG8lvY9oOtq3Nbb76rajaqdMSdtkLZ0ILYMrQEwZIbw==",
      "license": "MIT",
      "bin": {
        "ccusage": "dist/index.js"
      },
      "engines": {
        "node": ">=20.19.4"
      },
      "funding": {
        "url": "https://github.com/ryoppippi/ccusage?sponsor=1"
      }
    },
    "node_modules/prettier": {
      "version": "3.7.4",
      "resolved": "https://registry.npmjs.org/prettier/-/prettier-3.7.4.tgz",
      "integrity": "sha512-v6UNi1+3hSlVvv8fSaoUbggEM5VErKmmpGA7Pl3HF8V6uKY7rvClBOJlH6yNwQtfTueNkGVpOv/mtWL9L4bgRA==",
      "dev": true,
      "license": "MIT",
      "bin": {
        "prettier": "bin/prettier.cjs"
      },
      "engines": {
        "node": ">=14"
      },
      "funding": {
        "url": "https://github.com/prettier/prettier?sponsor=1"
      }
    }
  }
}
